
Microsoft Visual Studio Solution File, Format Version 12.00
# Visual Studio Version 17
VisualStudioVersion = 17.14.36414.22 d17.14
MinimumVisualStudioVersion = 10.0.40219.1
Project("{FAE04EC0-301F-11D3-BF4B-00C04F79EFBC}") = "FileProcessingService", "FileProcessingService.csproj", "{7F3C5638-A49C-4C34-BFDD-D0DA67D4EF57}"
EndProject
Global
	GlobalSection(SolutionConfigurationPlatforms) = preSolution
		Debug|Any CPU = Debug|Any CPU
		Release|Any CPU = Release|Any CPU
	EndGlobalSection
	GlobalSection(ProjectConfigurationPlatforms) = postSolution
		{7F3C5638-A49C-4C34-BFDD-D0DA67D4EF57}.Debug|Any CPU.ActiveCfg = Debug|Any CPU
		{7F3C5638-A49C-4C34-BFDD-D0DA67D4EF57}.Debug|Any CPU.Build.0 = Debug|Any CPU
		{7F3C5638-A49C-4C34-BFDD-D0DA67D4EF57}.Release|Any CPU.ActiveCfg = Release|Any CPU
		{7F3C5638-A49C-4C34-BFDD-D0DA67D4EF57}.Release|Any CPU.Build.0 = Release|Any CPU
	EndGlobalSection
	GlobalSection(SolutionProperties) = preSolution
		HideSolutionNode = FALSE
	EndGlobalSection
	GlobalSection(ExtensibilityGlobals) = postSolution
		SolutionGuid = {D40DCC5A-6B03-4F87-9E0F-2D6225B32D54}
	EndGlobalSection
EndGlobal
